Microsoft Visual Studio Solution File, Format Version 12.00
# Visual Studio Version 17
VisualStudioVersion = 17.8.34330.188
MinimumVisualStudioVersion = 10.0.40219.1
Project("{9A19103F-16F7-4668-BE54-9A1E7A4F7556}") = "ImmichFrame.Core", "ImmichFrame.Core\ImmichFrame.Core.csproj", "{0C93BDBB-C505-4A71-84BC-51471D64FBFE}"
EndProject
Project("{9A19103F-16F7-4668-BE54-9A1E7A4F7556}") = "ImmichFrame.WebApi", "ImmichFrame.WebApi\ImmichFrame.WebApi.csproj", "{4E550CF5-E5D1-4D1F-8438-A55C5C7AC93F}"
EndProject
Project("{FAE04EC0-301F-11D3-BF4B-00C04F79EFBC}") = "ImmichFrame.WebApi.Tests", "ImmichFrame.WebApi.Tests\ImmichFrame.WebApi.Tests.csproj", "{DA9040F2-F048-4A31-909A-086C37056306}"
EndProject
Project("{FAE04EC0-301F-11D3-BF4B-00C04F79EFBC}") = "ImmichFrame.Core.Tests", "ImmichFrame.Core.Tests\ImmichFrame.Core.Tests.csproj", "{2A673E6B-CCDD-4E1C-92FA-59952990D8D7}"
EndProject
Global
	GlobalSection(SolutionConfigurationPlatforms) = preSolution
		Debug|Any CPU = Debug|Any CPU
		Release|Any CPU = Release|Any CPU
	EndGlobalSection
	GlobalSection(ProjectConfigurationPlatforms) = postSolution
		{0C93BDBB-C505-4A71-84BC-51471D64FBFE}.Debug|Any CPU.ActiveCfg = Debug|Any CPU
		{0C93BDBB-C505-4A71-84BC-51471D64FBFE}.Debug|Any CPU.Build.0 = Debug|Any CPU
		{0C93BDBB-C505-4A71-84BC-51471D64FBFE}.Release|Any CPU.ActiveCfg = Release|Any CPU
		{0C93BDBB-C505-4A71-84BC-51471D64FBFE}.Release|Any CPU.Build.0 = Release|Any CPU
		{4E550CF5-E5D1-4D1F-8438-A55C5C7AC93F}.Debug|Any CPU.ActiveCfg = Debug|Any CPU
		{4E550CF5-E5D1-4D1F-8438-A55C5C7AC93F}.Debug|Any CPU.Build.0 = Debug|Any CPU
		{4E550CF5-E5D1-4D1F-8438-A55C5C7AC93F}.Release|Any CPU.ActiveCfg = Release|Any CPU
		{4E550CF5-E5D1-4D1F-8438-A55C5C7AC93F}.Release|Any CPU.Build.0 = Release|Any CPU
		{DA9040F2-F048-4A31-909A-086C37056306}.Debug|Any CPU.ActiveCfg = Debug|Any CPU
		{DA9040F2-F048-4A31-909A-086C37056306}.Debug|Any CPU.Build.0 = Debug|Any CPU
		{DA9040F2-F048-4A31-909A-086C37056306}.Release|Any CPU.ActiveCfg = Release|Any CPU
		{DA9040F2-F048-4A31-909A-086C37056306}.Release|Any CPU.Build.0 = Release|Any CPU
		{2A673E6B-CCDD-4E1C-92FA-59952990D8D7}.Debug|Any CPU.ActiveCfg = Debug|Any CPU
		{2A673E6B-CCDD-4E1C-92FA-59952990D8D7}.Debug|Any CPU.Build.0 = Debug|Any CPU
		{2A673E6B-CCDD-4E1C-92FA-59952990D8D7}.Release|Any CPU.ActiveCfg = Release|Any CPU
		{2A673E6B-CCDD-4E1C-92FA-59952990D8D7}.Release|Any CPU.Build.0 = Release|Any CPU
	EndGlobalSection
	GlobalSection(SolutionProperties) = preSolution
		HideSolutionNode = FALSE
	EndGlobalSection
	GlobalSection(ExtensibilityGlobals) = postSolution
		SolutionGuid = {89235F91-F405-49C1-98DF-AF535D4997A7}
	EndGlobalSection
EndGlobal
