
Microsoft Visual Studio Solution File, Format Version 12.00
# Visual Studio Version 17
VisualStudioVersion = 17.8.34330.188
MinimumVisualStudioVersion = 10.0.40219.1
Project("{9A19103F-16F7-4668-BE54-9A1E7A4F7556}") = "ImmichFrame", "ImmichFrame.csproj", "{9B4BC5C5-39A8-46A2-A71A-B800F4D8CE09}"
EndProject
Project("{9A19103F-16F7-4668-BE54-9A1E7A4F7556}") = "ImmichFrame.Desktop", "..\ImmichFrame.Desktop\ImmichFrame.Desktop.csproj", "{2245B7BA-C59F-4670-92DF-A750F65EBDEE}"
EndProject
Global
	GlobalSection(SolutionConfigurationPlatforms) = preSolution
		Debug|Any CPU = Debug|Any CPU
		Release|Any CPU = Release|Any CPU
	EndGlobalSection
	GlobalSection(ProjectConfigurationPlatforms) = postSolution
		{9B4BC5C5-39A8-46A2-A71A-B800F4D8CE09}.Debug|Any CPU.ActiveCfg = Debug|Any CPU
		{9B4BC5C5-39A8-46A2-A71A-B800F4D8CE09}.Debug|Any CPU.Build.0 = Debug|Any CPU
		{9B4BC5C5-39A8-46A2-A71A-B800F4D8CE09}.Release|Any CPU.ActiveCfg = Release|Any CPU
		{9B4BC5C5-39A8-46A2-A71A-B800F4D8CE09}.Release|Any CPU.Build.0 = Release|Any CPU
		{2245B7BA-C59F-4670-92DF-A750F65EBDEE}.Debug|Any CPU.ActiveCfg = Debug|Any CPU
		{2245B7BA-C59F-4670-92DF-A750F65EBDEE}.Debug|Any CPU.Build.0 = Debug|Any CPU
		{2245B7BA-C59F-4670-92DF-A750F65EBDEE}.Release|Any CPU.ActiveCfg = Release|Any CPU
		{2245B7BA-C59F-4670-92DF-A750F65EBDEE}.Release|Any CPU.Build.0 = Release|Any CPU
	EndGlobalSection
	GlobalSection(SolutionProperties) = preSolution
		HideSolutionNode = FALSE
	EndGlobalSection
	GlobalSection(ExtensibilityGlobals) = postSolution
		SolutionGuid = {89235F91-F405-49C1-98DF-AF535D4997A7}
	EndGlobalSection
EndGlobal
